
Microsoft Visual Studio Solution File, Format Version 12.00
# Visual Studio Version 16
VisualStudioVersion = 16.0.31129.286
MinimumVisualStudioVersion = 10.0.40219.1
Project("{FAE04EC0-301F-11D3-BF4B-00C04F79EFBC}") = "Royality Travels", "Royality Travels\Royality Travels.csproj", "{F157B837-6F78-48AF-AABB-7BB9A37C319C}"
EndProject
Global
	GlobalSection(SolutionConfigurationPlatforms) = preSolution
		Debug|Any CPU = Debug|Any CPU
		Release|Any CPU = Release|Any CPU
	EndGlobalSection
	GlobalSection(ProjectConfigurationPlatforms) = postSolution
		{F157B837-6F78-48AF-AABB-7BB9A37C319C}.Debug|Any CPU.ActiveCfg = Debug|Any CPU
		{F157B837-6F78-48AF-AABB-7BB9A37C319C}.Debug|Any CPU.Build.0 = Debug|Any CPU
		{F157B837-6F78-48AF-AABB-7BB9A37C319C}.Release|Any CPU.ActiveCfg = Release|Any CPU
		{F157B837-6F78-48AF-AABB-7BB9A37C319C}.Release|Any CPU.Build.0 = Release|Any CPU
	EndGlobalSection
	GlobalSection(SolutionProperties) = preSolution
		HideSolutionNode = FALSE
	EndGlobalSection
	GlobalSection(ExtensibilityGlobals) = postSolution
		SolutionGuid = {F1A8A8F5-3030-450B-BFC8-6C5C7E34177D}
	EndGlobalSection
EndGlobal
